
Microsoft Visual Studio Solution File, Format Version 12.00
# Visual Studio 15
VisualStudioVersion = 15.0.28307.1401
MinimumVisualStudioVersion = 10.0.40219.1
Project("{FAE04EC0-301F-11D3-BF4B-00C04F79EFBC}") = "Sita_Assignment", "Sita_Assignment\Sita_Assignment.csproj", "{15860E43-94EC-49BC-A97A-BB5891C34FFD}"
EndProject
Project("{FAE04EC0-301F-11D3-BF4B-00C04F79EFBC}") = "Sita_Assignment.Tests", "Sita_Assignment.Tests\Sita_Assignment.Tests.csproj", "{138B5A92-087F-40D3-A929-70FF026C1E96}"
EndProject
Project("{FAE04EC0-301F-11D3-BF4B-00C04F79EFBC}") = "BusinessLayer", "BusinessLayer\BusinessLayer.csproj", "{DE26CFCD-C0B6-4219-B124-BA5FAB227C90}"
EndProject
Global
	GlobalSection(SolutionConfigurationPlatforms) = preSolution
		Debug|Any CPU = Debug|Any CPU
		Release|Any CPU = Release|Any CPU
	EndGlobalSection
	GlobalSection(ProjectConfigurationPlatforms) = postSolution
		{15860E43-94EC-49BC-A97A-BB5891C34FFD}.Debug|Any CPU.ActiveCfg = Debug|Any CPU
		{15860E43-94EC-49BC-A97A-BB5891C34FFD}.Debug|Any CPU.Build.0 = Debug|Any CPU
		{15860E43-94EC-49BC-A97A-BB5891C34FFD}.Release|Any CPU.ActiveCfg = Release|Any CPU
		{15860E43-94EC-49BC-A97A-BB5891C34FFD}.Release|Any CPU.Build.0 = Release|Any CPU
		{138B5A92-087F-40D3-A929-70FF026C1E96}.Debug|Any CPU.ActiveCfg = Debug|Any CPU
		{138B5A92-087F-40D3-A929-70FF026C1E96}.Debug|Any CPU.Build.0 = Debug|Any CPU
		{138B5A92-087F-40D3-A929-70FF026C1E96}.Release|Any CPU.ActiveCfg = Release|Any CPU
		{138B5A92-087F-40D3-A929-70FF026C1E96}.Release|Any CPU.Build.0 = Release|Any CPU
		{DE26CFCD-C0B6-4219-B124-BA5FAB227C90}.Debug|Any CPU.ActiveCfg = Debug|Any CPU
		{DE26CFCD-C0B6-4219-B124-BA5FAB227C90}.Debug|Any CPU.Build.0 = Debug|Any CPU
		{DE26CFCD-C0B6-4219-B124-BA5FAB227C90}.Release|Any CPU.ActiveCfg = Release|Any CPU
		{DE26CFCD-C0B6-4219-B124-BA5FAB227C90}.Release|Any CPU.Build.0 = Release|Any CPU
	EndGlobalSection
	GlobalSection(SolutionProperties) = preSolution
		HideSolutionNode = FALSE
	EndGlobalSection
	GlobalSection(ExtensibilityGlobals) = postSolution
		SolutionGuid = {63D0F67E-9D61-48DD-A090-38717E672F77}
	EndGlobalSection
EndGlobal
